
Microsoft Visual Studio Solution File, Format Version 12.00
# Visual Studio Version 16
VisualStudioVersion = 25.0.1704.2
MinimumVisualStudioVersion = 10.0.40219.1
Project("{FAE04EC0-301F-11D3-BF4B-00C04F79EFBC}") = "HotelReservaciones.Android", "HotelReservaciones\HotelReservaciones.Android\HotelReservaciones.Android.csproj", "{EC421917-7D61-44A1-8A8C-5BB8886A7E0B}"
EndProject
Project("{FAE04EC0-301F-11D3-BF4B-00C04F79EFBC}") = "HotelReservaciones.iOS", "HotelReservaciones\HotelReservaciones.iOS\HotelReservaciones.iOS.csproj", "{718B1A32-274E-46F3-B5B5-E9EC3AE49C12}"
EndProject
Project("{FAE04EC0-301F-11D3-BF4B-00C04F79EFBC}") = "HotelReservaciones", "HotelReservaciones\HotelReservaciones\HotelReservaciones.csproj", "{A8D15BAF-6150-42FB-A3E9-74636A336B8F}"
EndProject
Global
	GlobalSection(SolutionConfigurationPlatforms) = preSolution
		Debug|Any CPU = Debug|Any CPU
		Release|Any CPU = Release|Any CPU
		Debug|iPhoneSimulator = Debug|iPhoneSimulator
		Release|iPhoneSimulator = Release|iPhoneSimulator
		Debug|iPhone = Debug|iPhone
		Release|iPhone = Release|iPhone
	EndGlobalSection
	GlobalSection(ProjectConfigurationPlatforms) = postSolution
		{EC421917-7D61-44A1-8A8C-5BB8886A7E0B}.Debug|Any CPU.ActiveCfg = Debug|Any CPU
		{EC421917-7D61-44A1-8A8C-5BB8886A7E0B}.Debug|Any CPU.Build.0 = Debug|Any CPU
		{EC421917-7D61-44A1-8A8C-5BB8886A7E0B}.Release|Any CPU.ActiveCfg = Release|Any CPU
		{EC421917-7D61-44A1-8A8C-5BB8886A7E0B}.Release|Any CPU.Build.0 = Release|Any CPU
		{EC421917-7D61-44A1-8A8C-5BB8886A7E0B}.Debug|iPhoneSimulator.ActiveCfg = Debug|Any CPU
		{EC421917-7D61-44A1-8A8C-5BB8886A7E0B}.Debug|iPhoneSimulator.Build.0 = Debug|Any CPU
		{EC421917-7D61-44A1-8A8C-5BB8886A7E0B}.Release|iPhoneSimulator.ActiveCfg = Release|Any CPU
		{EC421917-7D61-44A1-8A8C-5BB8886A7E0B}.Release|iPhoneSimulator.Build.0 = Release|Any CPU
		{EC421917-7D61-44A1-8A8C-5BB8886A7E0B}.Debug|iPhone.ActiveCfg = Debug|Any CPU
		{EC421917-7D61-44A1-8A8C-5BB8886A7E0B}.Debug|iPhone.Build.0 = Debug|Any CPU
		{EC421917-7D61-44A1-8A8C-5BB8886A7E0B}.Release|iPhone.ActiveCfg = Release|Any CPU
		{EC421917-7D61-44A1-8A8C-5BB8886A7E0B}.Release|iPhone.Build.0 = Release|Any CPU
		{718B1A32-274E-46F3-B5B5-E9EC3AE49C12}.Debug|Any CPU.ActiveCfg = Debug|iPhoneSimulator
		{718B1A32-274E-46F3-B5B5-E9EC3AE49C12}.Debug|Any CPU.Build.0 = Debug|iPhoneSimulator
		{718B1A32-274E-46F3-B5B5-E9EC3AE49C12}.Release|Any CPU.ActiveCfg = Release|iPhoneSimulator
		{718B1A32-274E-46F3-B5B5-E9EC3AE49C12}.Release|Any CPU.Build.0 = Release|iPhoneSimulator
		{718B1A32-274E-46F3-B5B5-E9EC3AE49C12}.Debug|iPhoneSimulator.ActiveCfg = Debug|iPhoneSimulator
		{718B1A32-274E-46F3-B5B5-E9EC3AE49C12}.Debug|iPhoneSimulator.Build.0 = Debug|iPhoneSimulator
		{718B1A32-274E-46F3-B5B5-E9EC3AE49C12}.Release|iPhoneSimulator.ActiveCfg = Release|iPhoneSimulator
		{718B1A32-274E-46F3-B5B5-E9EC3AE49C12}.Release|iPhoneSimulator.Build.0 = Release|iPhoneSimulator
		{718B1A32-274E-46F3-B5B5-E9EC3AE49C12}.Debug|iPhone.ActiveCfg = Debug|iPhone
		{718B1A32-274E-46F3-B5B5-E9EC3AE49C12}.Debug|iPhone.Build.0 = Debug|iPhone
		{718B1A32-274E-46F3-B5B5-E9EC3AE49C12}.Release|iPhone.ActiveCfg = Release|iPhone
		{718B1A32-274E-46F3-B5B5-E9EC3AE49C12}.Release|iPhone.Build.0 = Release|iPhone
		{A8D15BAF-6150-42FB-A3E9-74636A336B8F}.Debug|Any CPU.ActiveCfg = Debug|Any CPU
		{A8D15BAF-6150-42FB-A3E9-74636A336B8F}.Debug|Any CPU.Build.0 = Debug|Any CPU
		{A8D15BAF-6150-42FB-A3E9-74636A336B8F}.Release|Any CPU.ActiveCfg = Release|Any CPU
		{A8D15BAF-6150-42FB-A3E9-74636A336B8F}.Release|Any CPU.Build.0 = Release|Any CPU
		{A8D15BAF-6150-42FB-A3E9-74636A336B8F}.Debug|iPhoneSimulator.ActiveCfg = Debug|Any CPU
		{A8D15BAF-6150-42FB-A3E9-74636A336B8F}.Debug|iPhoneSimulator.Build.0 = Debug|Any CPU
		{A8D15BAF-6150-42FB-A3E9-74636A336B8F}.Release|iPhoneSimulator.ActiveCfg = Release|Any CPU
		{A8D15BAF-6150-42FB-A3E9-74636A336B8F}.Release|iPhoneSimulator.Build.0 = Release|Any CPU
		{A8D15BAF-6150-42FB-A3E9-74636A336B8F}.Debug|iPhone.ActiveCfg = Debug|Any CPU
		{A8D15BAF-6150-42FB-A3E9-74636A336B8F}.Debug|iPhone.Build.0 = Debug|Any CPU
		{A8D15BAF-6150-42FB-A3E9-74636A336B8F}.Release|iPhone.ActiveCfg = Release|Any CPU
		{A8D15BAF-6150-42FB-A3E9-74636A336B8F}.Release|iPhone.Build.0 = Release|Any CPU
	EndGlobalSection
	GlobalSection(SolutionProperties) = preSolution
		HideSolutionNode = FALSE
	EndGlobalSection
	GlobalSection(ExtensibilityGlobals) = postSolution
		SolutionGuid = {F8EAE5F7-1A89-4602-A4A6-7F911361C08E}
	EndGlobalSection
EndGlobal
